// !$*UTF8*$!
{
	archiveVersion = 1;
	classes = {
	};
	objectVersion = 50;
	objects = {

/* Begin PBXGroup section */
		77671D7A2577F19200B1A6F5 = {
			isa = PBXGroup;
			children = (
			);
			sourceTree = "<group>";
		};
/* End PBXGroup section */

/* Begin PBXProject section */
		77671D7B2577F19200B1A6F5 /* Project object */ = {
			isa = PBXProject;
			attributes = {
				LastUpgradeCheck = 1220;
			};
			buildConfigurationList = 77671D7E2577F19200B1A6F5 /* Build configuration list for PBXProject "Ultimate_DataStructures_Algorithms_Swift" */;
			compatibilityVersion = "Xcode 9.3";
			developmentRegion = en;
			hasScannedForEncodings = 0;
			knownRegions = (
				en,
				Base,
			);
			mainGroup = 77671D7A2577F19200B1A6F5;
			projectDirPath = "";
			projectRoot = "";
			targets = (
			);
		};
/* End PBXProject section */

/* Begin XCBuildConfiguration section */
		77671D7F2577F19200B1A6F5 /* Debug */ = {
			isa = XCBuildConfiguration;
			buildSettings = {
			};
			name = Debug;
		};
		77671D802577F19200B1A6F5 /* Release */ = {
			isa = XCBuildConfiguration;
			buildSettings = {
			};
			name = Release;
		};
/* End XCBuildConfiguration section */

/* Begin XCConfigurationList section */
		77671D7E2577F19200B1A6F5 /* Build configuration list for PBXProject "Ultimate_DataStructures_Algorithms_Swift" */ = {
			isa = XCConfigurationList;
			buildConfigurations = (
				77671D7F2577F19200B1A6F5 /* Debug */,
				77671D802577F19200B1A6F5 /* Release */,
			);
			defaultConfigurationIsVisible = 0;
			defaultConfigurationName = Release;
		};
/* End XCConfigurationList section */
	};
	rootObject = 77671D7B2577F19200B1A6F5 /* Project object */;
}
